
Microsoft Visual Studio Solution File, Format Version 12.00
# Visual Studio Version 17
VisualStudioVersion = 17.11.35208.52
MinimumVisualStudioVersion = 10.0.40219.1
Project("{FAE04EC0-301F-11D3-BF4B-00C04F79EFBC}") = "TaskUser", "TaskUser\TaskUser.csproj", "{61C7B4C6-5371-4104-9A43-043658C40C10}"
EndProject
Global
	GlobalSection(SolutionConfigurationPlatforms) = preSolution
		Debug|Any CPU = Debug|Any CPU
		Release|Any CPU = Release|Any CPU
	EndGlobalSection
	GlobalSection(ProjectConfigurationPlatforms) = postSolution
		{61C7B4C6-5371-4104-9A43-043658C40C10}.Debug|Any CPU.ActiveCfg = Debug|Any CPU
		{61C7B4C6-5371-4104-9A43-043658C40C10}.Debug|Any CPU.Build.0 = Debug|Any CPU
		{61C7B4C6-5371-4104-9A43-043658C40C10}.Release|Any CPU.ActiveCfg = Release|Any CPU
		{61C7B4C6-5371-4104-9A43-043658C40C10}.Release|Any CPU.Build.0 = Release|Any CPU
	EndGlobalSection
	GlobalSection(SolutionProperties) = preSolution
		HideSolutionNode = FALSE
	EndGlobalSection
	GlobalSection(ExtensibilityGlobals) = postSolution
		SolutionGuid = {CEA4BADC-C2B7-46CE-A001-578F7C6C1A96}
	EndGlobalSection
EndGlobal
